github.com/aFarkas/lazysizes v0.0.0-20210123121749-0e985e8d8c45 h1:xcTaKwjer13AH3hpUopnkQSkMHRwI32aJWOj6sLyq3c=
github.com/aFarkas/lazysizes v0.0.0-20210123121749-0e985e8d8c45/go.mod h1:xl3heUINAn0oPowV1biDQ2Pyw1w3x66I7KEbWkaxox0=
github.com/dnb-hugo/blocks/bootstrap5 v1.0.14 h1:YfaY9JUDjjE+AvZEPwhdgEzAJaBk7A7yCD24CpJ21yc=
github.com/dnb-hugo/blocks/bootstrap5 v1.0.14/go.mod h1:R4+nDLN/VUe5kN3Ub2aDynMdTb6v+c2t+7WP1MuAe/4=
github.com/dnb-hugo/components/functions v1.0.13 h1:wkoFuMuiAGCqtuAmwd8SuzI+2VZoNWULj6Cr4z+SQ0M=
github.com/dnb-hugo/components/functions v1.0.13/go.mod h1:D1wuewBIRi/K+JS40raRu4iPYReMNYguOF/vXJ7Jv2c=
github.com/dnb-hugo/components/opensearch v1.0.2 h1:1oeFn8WCnGELcp9NhMi/91OwQYvGV17MDJy1WSWiL7M=
github.com/dnb-hugo/components/opensearch v1.0.2/go.mod h1:njg6EUuNlbY4SbhPqXy+3E6Gebn/EwWo/UKws1Ea1mQ=
github.com/dnb-hugo/components/renderhooks v1.0.8 h1:DP+eZbpYDqQUymYFiWD0wnIWqii3czrtNzAQqf1p51E=
github.com/dnb-hugo/components/renderhooks v1.0.8/go.mod h1:KO1DI9x5FReibb7cyZfw8AOnfUch+K527Ueb74/6qVo=
github.com/dnb-hugo/components/robots v1.0.4 h1:ZxRZMV6+Dj1vNDgdoyKgNrC949Ig6RAMEYthV+Kpo6U=
github.com/dnb-hugo/components/robots v1.0.4/go.mod h1:bBjleToKX3GqeJJodfd7+Ue6xU3z5x8Zpm+drSUQmrA=
github.com/dnb-hugo/components/search-algolia v1.0.9 h1:zg727OFiYAurvdR2LYyFrtaFYSISv/rmDMspybvHVKg=
github.com/dnb-hugo/components/search-algolia v1.0.9/go.mod h1:ULfK9ekXLx2M7fzrJQLB5ShALILPwt+qbRQ6EE2YqMU=
github.com/dnb-hugo/components/sitemap v1.0.4 h1:uhx9B0HbWUmA9sifOZUVQ07kYxianufVvSgp/ad2FiQ=
github.com/dnb-hugo/components/sitemap v1.0.4/go.mod h1:ubgzNoQXdBxRSUC/szjFzv+CDpWqkEtZplhcqxPGDmY=
github.com/dnb-hugo/components/social v0.0.1 h1:JFR55PPlzL7nFT+sf0v82zEb153ZAxsrh0hCMfgy6Bo=
github.com/dnb-hugo/components/social v0.0.1/go.mod h1:JhfsOeIFw1pQCOrPq7iz/kZh4/b3MIT/CC9R56yE+gs=
github.com/dnb-hugo/debugprint v1.0.7 h1:4vwpai0T7Y9rH5ZPUwvUN0rnBi6Ktk/QWCmNNcn8/nU=
github.com/dnb-hugo/debugprint v1.0.7/go.mod h1:YMvTiP34ADcKHOtCpjeIuzfDyXrh0mSKvfjVt/WXpLM=
github.com/dnb-hugo/libraries/bootstrap-icons v1.3.2 h1:gEq6K7bpe/I07ar7SCJZpBpzm/3FCppaXFf/VLNERrA=
github.com/dnb-hugo/libraries/bootstrap-icons v1.3.2/go.mod h1:sgKUgwtMNDl9TEalhSHlD6hKoMIsQq/Eps8rDV1Sd28=
github.com/dnb-hugo/libraries/bootstrap5 v1.2.1 h1:FyJWqxyNjs3eAfk5DSAzsqjYJjgEyfUSvwTf5cJYRdI=
github.com/dnb-hugo/libraries/bootstrap5 v1.2.1/go.mod h1:UNoflKG5Rk3Fo5fWS5RfCNEi0gex8AsfxXT8gmdmE0k=
github.com/dnb-hugo/libraries/lazysizes v1.0.2 h1:OxQkaTDCnrdzsZVwHfnPNUeG2tkvDn0jIMi6DU8rqmw=
github.com/dnb-hugo/libraries/lazysizes v1.0.2/go.mod h1:50HoIQcIj2aLYGR92ReyiKOeWy38/y6/yijecjKLE9I=
github.com/dnb-hugo/libraries/popper.js v1.1.2/go.mod h1:I10AsR1CyPWU5cpsSYhpZaeHCfdMownxSDcye/WJvlc=
github.com/dnb-hugo/shortcodes v1.1.15 h1:L7JyEukAF21Xa8UvuoUZMpQWQZCIuty/BPLh+K8bj7w=
github.com/dnb-hugo/shortcodes v1.1.15/go.mod h1:sME2rlv6M2XDrBmuVRKFFX3bVW3fDk7hZ0P+2HKh6yQ=
github.com/popperjs/popper-core v2.5.4+incompatible/go.mod h1:rrRYxxxrr6Y+9S8V9ttEFhsPN5sFPapL1QOzxjoDz0o=
github.com/twbs/bootstrap v5.0.0-beta1+incompatible/go.mod h1:fZTSrkpSf0/HkL0IIJzvVspTt1r9zuf7XlZau8kpcY0=
github.com/twbs/icons v1.3.0/go.mod h1:GnRlymgVWp5iVJCMa0Me5b6tFyGpVc2bSxPMRGIJmyA=
