github.com/aFarkas/lazysizes v0.0.0-20210123121749-0e985e8d8c45 h1:xcTaKwjer13AH3hpUopnkQSkMHRwI32aJWOj6sLyq3c=
github.com/aFarkas/lazysizes v0.0.0-20210123121749-0e985e8d8c45/go.mod h1:xl3heUINAn0oPowV1biDQ2Pyw1w3x66I7KEbWkaxox0=
github.com/dnb-hugo/blocks/bootstrap5 v1.0.30 h1:DMFtXy56oZSoIIbVLKDadgVI+VCy9fO87wFao+G034g=
github.com/dnb-hugo/blocks/bootstrap5 v1.0.30/go.mod h1:Gy3rCVAPl4NjueTE/9MHpoXysuJ2Rt4DonORfBx7VI4=
github.com/dnb-hugo/components/auditor v0.0.0-20210317132716-822ec0c703b6 h1:B/3SMM/r9IFGjwf4z+Jl49ihK1l1gL+ENpt5tbH0Ef8=
github.com/dnb-hugo/components/auditor v0.0.0-20210317132716-822ec0c703b6/go.mod h1:SzNnVpyO7QeF+EFxSYeHOU3wwJFN9/f60RpnpeulzwY=
github.com/dnb-hugo/components/functions v1.0.22 h1:cqlm/BAkJgk+wMaD9QGrrx43Nr744jnx4DoBbbd06R0=
github.com/dnb-hugo/components/functions v1.0.22/go.mod h1:J/rmaK0OQWABbyxpEMu0HJFAQI2h2Q/0vYf1fdacIcg=
github.com/dnb-hugo/components/opensearch v1.0.2 h1:1oeFn8WCnGELcp9NhMi/91OwQYvGV17MDJy1WSWiL7M=
github.com/dnb-hugo/components/opensearch v1.0.2/go.mod h1:njg6EUuNlbY4SbhPqXy+3E6Gebn/EwWo/UKws1Ea1mQ=
github.com/dnb-hugo/components/pwa v1.1.8 h1:Y43dXruiAryvkfw5PEXJ7DtKSFC2F7es4fyFdc+cJDg=
github.com/dnb-hugo/components/pwa v1.1.8/go.mod h1:0HFgY9Om7yJqjwKPZDatqyy5Kna6w6XAHj0r6aZmCjU=
github.com/dnb-hugo/components/renderhooks v1.0.9 h1:O9kprbdXp5FX9KbkLuxPpge84rFFQRf5iN+Szwqctts=
github.com/dnb-hugo/components/renderhooks v1.0.9/go.mod h1:KO1DI9x5FReibb7cyZfw8AOnfUch+K527Ueb74/6qVo=
github.com/dnb-hugo/components/robots v1.0.5 h1:DtlT5uz1P3HkLuGvWptomdv69j1ByIFF6Scddu8fkNM=
github.com/dnb-hugo/components/robots v1.0.5/go.mod h1:bBjleToKX3GqeJJodfd7+Ue6xU3z5x8Zpm+drSUQmrA=
github.com/dnb-hugo/components/search-algolia v1.0.9 h1:zg727OFiYAurvdR2LYyFrtaFYSISv/rmDMspybvHVKg=
github.com/dnb-hugo/components/search-algolia v1.0.9/go.mod h1:ULfK9ekXLx2M7fzrJQLB5ShALILPwt+qbRQ6EE2YqMU=
github.com/dnb-hugo/components/sitemap v1.0.5 h1:U56rIlXI0rLeR4g0BlzzkQ9WSEq53x6s1J8RvS/63Gc=
github.com/dnb-hugo/components/sitemap v1.0.5/go.mod h1:ubgzNoQXdBxRSUC/szjFzv+CDpWqkEtZplhcqxPGDmY=
github.com/dnb-hugo/components/social v0.0.4 h1:dPv9UeKY+fwZ/PBp3eTp/SMoxSF31bTS9lWyYh6flug=
github.com/dnb-hugo/components/social v0.0.4/go.mod h1:JhfsOeIFw1pQCOrPq7iz/kZh4/b3MIT/CC9R56yE+gs=
github.com/dnb-hugo/debugprint v1.0.7 h1:4vwpai0T7Y9rH5ZPUwvUN0rnBi6Ktk/QWCmNNcn8/nU=
github.com/dnb-hugo/debugprint v1.0.7/go.mod h1:YMvTiP34ADcKHOtCpjeIuzfDyXrh0mSKvfjVt/WXpLM=
github.com/dnb-hugo/libraries/bootstrap-icons v1.4.6 h1:yaj0aj03jH2C7ZLYTSmUj34XD5BfLuau9q2rp5ZDxVM=
github.com/dnb-hugo/libraries/bootstrap-icons v1.4.6/go.mod h1:odokzGD0lAkC0fXn2dEi+Md+chnfaXGmf5162XmuH5Q=
github.com/dnb-hugo/libraries/bootstrap5 v1.3.3 h1:HBWEBnPMvb71UJ2/DaQSh4NdWgnbHNOT4exuHctUpr4=
github.com/dnb-hugo/libraries/bootstrap5 v1.3.3/go.mod h1:U343y3qgb8WXy/s8ZEQp3wpHrpW1JEstZaQABntDDn4=
github.com/dnb-hugo/libraries/dayjs v0.0.5 h1:Aaq0HZTgZFZCYV/qZ4AmXC97dHlSWpb/JXpI/bPN3VY=
github.com/dnb-hugo/libraries/dayjs v0.0.5/go.mod h1:rpb3QBTz/xqzvU7t9zmGIlqZOStcSL7PMbQ8+ynLQNg=
github.com/dnb-hugo/libraries/lazysizes v1.0.4 h1:Ti9IXlToqBm7e0NAF2WmObpLW+dlbjcNvCV/xiVyxA0=
github.com/dnb-hugo/libraries/lazysizes v1.0.4/go.mod h1:50HoIQcIj2aLYGR92ReyiKOeWy38/y6/yijecjKLE9I=
github.com/dnb-hugo/libraries/popper.js v1.1.11 h1:ZRsPqJuJMn9CQK5799/EzCywzxIsxWkbH/JXipxO9bI=
github.com/dnb-hugo/libraries/popper.js v1.1.11/go.mod h1:GPhm16rTvVsqEw7kcuPcKkO6BMOeQoC8WeGQLWfXOEM=
github.com/dnb-hugo/shortcodes/collection v1.3.5 h1:NeBsZHQcl0iLGWvv/HQeGAYzwgbK/iBOkiuGw3Ckdo0=
github.com/dnb-hugo/shortcodes/collection v1.3.5/go.mod h1:GbyHI59fYdq9pGOpxiE9wGrWbFh8tbcFJmjdlHzPmo8=
github.com/dnb-hugo/shortcodes/youtube v0.0.0-20210415123131-88f9db468039 h1:dQId+ebbWdGoqsja60bboys5MgOUqUEJkQhHhlWnt2w=
github.com/dnb-hugo/shortcodes/youtube v0.0.0-20210415123131-88f9db468039/go.mod h1:rbiN+m4WFRzkPXM5scDb0nm47GQzFR6m1HWJlSUSBrY=
github.com/paulirish/lite-youtube-embed v0.2.0 h1:n5HzpYk6HrL+60Ogj1c9hJ1RaOoLj1cysscQfDh67Rw=
github.com/paulirish/lite-youtube-embed v0.2.0/go.mod h1:9nuUWCzbFF/vvl3ClpZ1KsYFi/hlKjVOkmG8E+nsGDY=
github.com/popperjs/popper-core v2.9.0+incompatible h1:8Me7xYe04Fv2jd+vz4BDgh1XYR2eljPI2zSCzUBMZKo=
github.com/popperjs/popper-core v2.9.0+incompatible/go.mod h1:rrRYxxxrr6Y+9S8V9ttEFhsPN5sFPapL1QOzxjoDz0o=
github.com/twbs/bootstrap v5.0.0-beta3+incompatible h1:XJerUk40rVST7ixrqS6SVEQSpEh9SVmg/qpB591h/R8=
github.com/twbs/bootstrap v5.0.0-beta3+incompatible/go.mod h1:fZTSrkpSf0/HkL0IIJzvVspTt1r9zuf7XlZau8kpcY0=
github.com/twbs/icons v1.4.0 h1:RkoqGMbm7m2J+fiRlR/Zpa9WT/tcG3inafbq/njdW2Y=
github.com/twbs/icons v1.4.0/go.mod h1:GnRlymgVWp5iVJCMa0Me5b6tFyGpVc2bSxPMRGIJmyA=
